<Solution>
  <Project Path="ReservaSalaServiceLegado.Core/ReservaSalaServiceLegado.Core.csproj" />
  <Project Path="ReservaSalaServiceLegado.Infrastructure/ReservaSalaServiceLegado.Infrastructure.csproj" />
  <Project Path="ReservaSalaServiceLegado.Web/ReservaSalaServiceLegado.Web.csproj" />
</Solution>
